
Microsoft Visual Studio Solution File, Format Version 12.00
# Visual Studio Version 16
VisualStudioVersion = 16.0.31205.134
MinimumVisualStudioVersion = 10.0.40219.1
Project("{FAE04EC0-301F-11D3-BF4B-00C04F79EFBC}") = "DeleteLeerzeichenNordVPN", "DeleteLeerzeichenNordVPN\DeleteLeerzeichenNordVPN.csproj", "{ABB2FE2A-15AE-446B-869A-7E654A9D7BCB}"
EndProject
Global
	GlobalSection(SolutionConfigurationPlatforms) = preSolution
		Debug|Any CPU = Debug|Any CPU
		Release|Any CPU = Release|Any CPU
	EndGlobalSection
	GlobalSection(ProjectConfigurationPlatforms) = postSolution
		{ABB2FE2A-15AE-446B-869A-7E654A9D7BCB}.Debug|Any CPU.ActiveCfg = Debug|Any CPU
		{ABB2FE2A-15AE-446B-869A-7E654A9D7BCB}.Debug|Any CPU.Build.0 = Debug|Any CPU
		{ABB2FE2A-15AE-446B-869A-7E654A9D7BCB}.Release|Any CPU.ActiveCfg = Release|Any CPU
		{ABB2FE2A-15AE-446B-869A-7E654A9D7BCB}.Release|Any CPU.Build.0 = Release|Any CPU
	EndGlobalSection
	GlobalSection(SolutionProperties) = preSolution
		HideSolutionNode = FALSE
	EndGlobalSection
	GlobalSection(ExtensibilityGlobals) = postSolution
		SolutionGuid = {7BE6DC69-2E41-4CEB-8D14-12DFE36741F6}
	EndGlobalSection
EndGlobal
