
Microsoft Visual Studio Solution File, Format Version 12.00
# Visual Studio Version 16
VisualStudioVersion = 16.0.30804.86
MinimumVisualStudioVersion = 10.0.40219.1
Project("{FAE04EC0-301F-11D3-BF4B-00C04F79EFBC}") = "Wettesensoren", "Wettesensoren\Wettesensoren.csproj", "{02044522-0FAF-4B38-9363-B47ACD4E7D38}"
EndProject
Global
	GlobalSection(SolutionConfigurationPlatforms) = preSolution
		Debug|Any CPU = Debug|Any CPU
		Release|Any CPU = Release|Any CPU
	EndGlobalSection
	GlobalSection(ProjectConfigurationPlatforms) = postSolution
		{02044522-0FAF-4B38-9363-B47ACD4E7D38}.Debug|Any CPU.ActiveCfg = Debug|Any CPU
		{02044522-0FAF-4B38-9363-B47ACD4E7D38}.Debug|Any CPU.Build.0 = Debug|Any CPU
		{02044522-0FAF-4B38-9363-B47ACD4E7D38}.Release|Any CPU.ActiveCfg = Release|Any CPU
		{02044522-0FAF-4B38-9363-B47ACD4E7D38}.Release|Any CPU.Build.0 = Release|Any CPU
	EndGlobalSection
	GlobalSection(SolutionProperties) = preSolution
		HideSolutionNode = FALSE
	EndGlobalSection
	GlobalSection(ExtensibilityGlobals) = postSolution
		SolutionGuid = {C29BFC7E-A89F-4078-B912-97DCE605742A}
	EndGlobalSection
EndGlobal
