
Microsoft Visual Studio Solution File, Format Version 12.00
# Visual Studio Version 16
VisualStudioVersion = 16.0.30804.86
MinimumVisualStudioVersion = 10.0.40219.1
Project("{FAE04EC0-301F-11D3-BF4B-00C04F79EFBC}") = "WPF GetFolderSize", "WPF GetFolderSize\WPF GetFolderSize.csproj", "{47BA5C85-1DD5-4639-AE20-710E8C0BC8F2}"
EndProject
Global
	GlobalSection(SolutionConfigurationPlatforms) = preSolution
		Debug|Any CPU = Debug|Any CPU
		Release|Any CPU = Release|Any CPU
	EndGlobalSection
	GlobalSection(ProjectConfigurationPlatforms) = postSolution
		{47BA5C85-1DD5-4639-AE20-710E8C0BC8F2}.Debug|Any CPU.ActiveCfg = Debug|Any CPU
		{47BA5C85-1DD5-4639-AE20-710E8C0BC8F2}.Debug|Any CPU.Build.0 = Debug|Any CPU
		{47BA5C85-1DD5-4639-AE20-710E8C0BC8F2}.Release|Any CPU.ActiveCfg = Release|Any CPU
		{47BA5C85-1DD5-4639-AE20-710E8C0BC8F2}.Release|Any CPU.Build.0 = Release|Any CPU
	EndGlobalSection
	GlobalSection(SolutionProperties) = preSolution
		HideSolutionNode = FALSE
	EndGlobalSection
	GlobalSection(ExtensibilityGlobals) = postSolution
		SolutionGuid = {B45D2399-6E9A-476E-908A-7B65F8845309}
	EndGlobalSection
EndGlobal
