
Microsoft Visual Studio Solution File, Format Version 12.00
# Visual Studio Version 16
VisualStudioVersion = 16.0.31205.134
MinimumVisualStudioVersion = 10.0.40219.1
Project("{FAE04EC0-301F-11D3-BF4B-00C04F79EFBC}") = "Newman_Conway_Sequence", "Newman_Conway_Sequence\Newman_Conway_Sequence.csproj", "{79ED96F9-68BB-4C2A-A53B-89499ACFD074}"
EndProject
Global
	GlobalSection(SolutionConfigurationPlatforms) = preSolution
		Debug|Any CPU = Debug|Any CPU
		Release|Any CPU = Release|Any CPU
	EndGlobalSection
	GlobalSection(ProjectConfigurationPlatforms) = postSolution
		{79ED96F9-68BB-4C2A-A53B-89499ACFD074}.Debug|Any CPU.ActiveCfg = Debug|Any CPU
		{79ED96F9-68BB-4C2A-A53B-89499ACFD074}.Debug|Any CPU.Build.0 = Debug|Any CPU
		{79ED96F9-68BB-4C2A-A53B-89499ACFD074}.Release|Any CPU.ActiveCfg = Release|Any CPU
		{79ED96F9-68BB-4C2A-A53B-89499ACFD074}.Release|Any CPU.Build.0 = Release|Any CPU
	EndGlobalSection
	GlobalSection(SolutionProperties) = preSolution
		HideSolutionNode = FALSE
	EndGlobalSection
	GlobalSection(ExtensibilityGlobals) = postSolution
		SolutionGuid = {D559523D-2E6A-4701-BADD-8AE6E65B02D7}
	EndGlobalSection
EndGlobal
