
Microsoft Visual Studio Solution File, Format Version 12.00
# Visual Studio Version 16
VisualStudioVersion = 16.0.30002.166
MinimumVisualStudioVersion = 10.0.40219.1
Project("{FAE04EC0-301F-11D3-BF4B-00C04F79EFBC}") = "Kartenspiel_StackUndListe", "Kartenspiel_StackUndListe.csproj", "{DBE2F53F-5495-4E10-967C-BF25B99F053D}"
EndProject
Global
	GlobalSection(SolutionConfigurationPlatforms) = preSolution
		Debug|Any CPU = Debug|Any CPU
		Release|Any CPU = Release|Any CPU
	EndGlobalSection
	GlobalSection(ProjectConfigurationPlatforms) = postSolution
		{DBE2F53F-5495-4E10-967C-BF25B99F053D}.Debug|Any CPU.ActiveCfg = Debug|Any CPU
		{DBE2F53F-5495-4E10-967C-BF25B99F053D}.Debug|Any CPU.Build.0 = Debug|Any CPU
		{DBE2F53F-5495-4E10-967C-BF25B99F053D}.Release|Any CPU.ActiveCfg = Release|Any CPU
		{DBE2F53F-5495-4E10-967C-BF25B99F053D}.Release|Any CPU.Build.0 = Release|Any CPU
	EndGlobalSection
	GlobalSection(SolutionProperties) = preSolution
		HideSolutionNode = FALSE
	EndGlobalSection
	GlobalSection(ExtensibilityGlobals) = postSolution
		SolutionGuid = {0A3BA695-4FC9-48A8-B682-19F08A4BE9FE}
	EndGlobalSection
EndGlobal
