
Microsoft Visual Studio Solution File, Format Version 12.00
# Visual Studio Version 16
VisualStudioVersion = 16.0.31205.134
MinimumVisualStudioVersion = 10.0.40219.1
Project("{FAE04EC0-301F-11D3-BF4B-00C04F79EFBC}") = "Kreuzmuster_Jovanovic", "Kreuzmuster_Jovanovic\Kreuzmuster_Jovanovic.csproj", "{887D1BAC-1F01-48CE-8F1E-D77FA49CFDF1}"
EndProject
Global
	GlobalSection(SolutionConfigurationPlatforms) = preSolution
		Debug|Any CPU = Debug|Any CPU
		Release|Any CPU = Release|Any CPU
	EndGlobalSection
	GlobalSection(ProjectConfigurationPlatforms) = postSolution
		{887D1BAC-1F01-48CE-8F1E-D77FA49CFDF1}.Debug|Any CPU.ActiveCfg = Debug|Any CPU
		{887D1BAC-1F01-48CE-8F1E-D77FA49CFDF1}.Debug|Any CPU.Build.0 = Debug|Any CPU
		{887D1BAC-1F01-48CE-8F1E-D77FA49CFDF1}.Release|Any CPU.ActiveCfg = Release|Any CPU
		{887D1BAC-1F01-48CE-8F1E-D77FA49CFDF1}.Release|Any CPU.Build.0 = Release|Any CPU
	EndGlobalSection
	GlobalSection(SolutionProperties) = preSolution
		HideSolutionNode = FALSE
	EndGlobalSection
	GlobalSection(ExtensibilityGlobals) = postSolution
		SolutionGuid = {DB8FB088-67B5-4774-B3FD-B5F2B13F1524}
	EndGlobalSection
EndGlobal
