
Microsoft Visual Studio Solution File, Format Version 12.00
# Visual Studio Version 16
VisualStudioVersion = 16.0.30804.86
MinimumVisualStudioVersion = 10.0.40219.1
Project("{FAE04EC0-301F-11D3-BF4B-00C04F79EFBC}") = "Einheitenumrechner", "Einheitenumrechner\Einheitenumrechner.csproj", "{DF39B4CA-09B7-4982-B696-F903C7CC7CB9}"
EndProject
Global
	GlobalSection(SolutionConfigurationPlatforms) = preSolution
		Debug|Any CPU = Debug|Any CPU
		Release|Any CPU = Release|Any CPU
	EndGlobalSection
	GlobalSection(ProjectConfigurationPlatforms) = postSolution
		{DF39B4CA-09B7-4982-B696-F903C7CC7CB9}.Debug|Any CPU.ActiveCfg = Debug|Any CPU
		{DF39B4CA-09B7-4982-B696-F903C7CC7CB9}.Debug|Any CPU.Build.0 = Debug|Any CPU
		{DF39B4CA-09B7-4982-B696-F903C7CC7CB9}.Release|Any CPU.ActiveCfg = Release|Any CPU
		{DF39B4CA-09B7-4982-B696-F903C7CC7CB9}.Release|Any CPU.Build.0 = Release|Any CPU
	EndGlobalSection
	GlobalSection(SolutionProperties) = preSolution
		HideSolutionNode = FALSE
	EndGlobalSection
	GlobalSection(ExtensibilityGlobals) = postSolution
		SolutionGuid = {CB304601-2CD1-4EF0-8815-0639A3F91F02}
	EndGlobalSection
EndGlobal
