
Microsoft Visual Studio Solution File, Format Version 12.00
# Visual Studio Version 16
VisualStudioVersion = 16.0.30002.166
MinimumVisualStudioVersion = 10.0.40219.1
Project("{FAE04EC0-301F-11D3-BF4B-00C04F79EFBC}") = "SortingOfPersons", "SortingOfPersons\SortingOfPersons.csproj", "{17AF5EA9-9E8D-44C3-9175-4209C3EEE185}"
EndProject
Global
	GlobalSection(SolutionConfigurationPlatforms) = preSolution
		Debug|Any CPU = Debug|Any CPU
		Release|Any CPU = Release|Any CPU
	EndGlobalSection
	GlobalSection(ProjectConfigurationPlatforms) = postSolution
		{17AF5EA9-9E8D-44C3-9175-4209C3EEE185}.Debug|Any CPU.ActiveCfg = Debug|Any CPU
		{17AF5EA9-9E8D-44C3-9175-4209C3EEE185}.Debug|Any CPU.Build.0 = Debug|Any CPU
		{17AF5EA9-9E8D-44C3-9175-4209C3EEE185}.Release|Any CPU.ActiveCfg = Release|Any CPU
		{17AF5EA9-9E8D-44C3-9175-4209C3EEE185}.Release|Any CPU.Build.0 = Release|Any CPU
	EndGlobalSection
	GlobalSection(SolutionProperties) = preSolution
		HideSolutionNode = FALSE
	EndGlobalSection
	GlobalSection(ExtensibilityGlobals) = postSolution
		SolutionGuid = {EBD4C0F8-09D5-4013-8BD9-A1528C1CABDE}
	EndGlobalSection
EndGlobal
